
Microsoft Visual Studio Solution File, Format Version 12.00
# Visual Studio Version 17
VisualStudioVersion = 17.11.35222.181
MinimumVisualStudioVersion = 10.0.40219.1
Project("{FAE04EC0-301F-11D3-BF4B-00C04F79EFBC}") = "WebApplication1", "WebApplication1\WebApplication1.csproj", "{C9F835BD-C7B6-45EA-AAE8-7E4A7938067D}"
EndProject
Global
	GlobalSection(SolutionConfigurationPlatforms) = preSolution
		Debug|Any CPU = Debug|Any CPU
		Release|Any CPU = Release|Any CPU
	EndGlobalSection
	GlobalSection(ProjectConfigurationPlatforms) = postSolution
		{C9F835BD-C7B6-45EA-AAE8-7E4A7938067D}.Debug|Any CPU.ActiveCfg = Debug|Any CPU
		{C9F835BD-C7B6-45EA-AAE8-7E4A7938067D}.Debug|Any CPU.Build.0 = Debug|Any CPU
		{C9F835BD-C7B6-45EA-AAE8-7E4A7938067D}.Release|Any CPU.ActiveCfg = Release|Any CPU
		{C9F835BD-C7B6-45EA-AAE8-7E4A7938067D}.Release|Any CPU.Build.0 = Release|Any CPU
	EndGlobalSection
	GlobalSection(SolutionProperties) = preSolution
		HideSolutionNode = FALSE
	EndGlobalSection
	GlobalSection(ExtensibilityGlobals) = postSolution
		SolutionGuid = {F6988694-6836-4580-9EA1-2FB7E04B1481}
	EndGlobalSection
EndGlobal
